
Microsoft Visual Studio Solution File, Format Version 12.00
# Visual Studio Version 16
VisualStudioVersion = 16.0.31205.134
MinimumVisualStudioVersion = 10.0.40219.1
Project("{FAE04EC0-301F-11D3-BF4B-00C04F79EFBC}") = "JokesWebApp", "JokesWebApp\JokesWebApp.csproj", "{8A837B5E-4BA4-44FF-8CCB-D5635BBC73CC}"
EndProject
Global
	GlobalSection(SolutionConfigurationPlatforms) = preSolution
		Debug|Any CPU = Debug|Any CPU
		Release|Any CPU = Release|Any CPU
	EndGlobalSection
	GlobalSection(ProjectConfigurationPlatforms) = postSolution
		{8A837B5E-4BA4-44FF-8CCB-D5635BBC73CC}.Debug|Any CPU.ActiveCfg = Debug|Any CPU
		{8A837B5E-4BA4-44FF-8CCB-D5635BBC73CC}.Debug|Any CPU.Build.0 = Debug|Any CPU
		{8A837B5E-4BA4-44FF-8CCB-D5635BBC73CC}.Release|Any CPU.ActiveCfg = Release|Any CPU
		{8A837B5E-4BA4-44FF-8CCB-D5635BBC73CC}.Release|Any CPU.Build.0 = Release|Any CPU
	EndGlobalSection
	GlobalSection(SolutionProperties) = preSolution
		HideSolutionNode = FALSE
	EndGlobalSection
	GlobalSection(ExtensibilityGlobals) = postSolution
		SolutionGuid = {E3DFCFDF-7EEA-418D-A928-0F3ABBA7B945}
	EndGlobalSection
EndGlobal
